
Microsoft Visual Studio Solution File, Format Version 12.00
# Visual Studio Version 17
VisualStudioVersion = 17.2.32616.157
MinimumVisualStudioVersion = 10.0.40219.1
Project("{FAE04EC0-301F-11D3-BF4B-00C04F79EFBC}") = "BookingApp.Web", "BookingApp.Web\BookingApp.Web.csproj", "{08C21443-A185-4CC9-89D1-253911737F9D}"
EndProject
Project("{FAE04EC0-301F-11D3-BF4B-00C04F79EFBC}") = "BookingApp.Core", "BookingApp.Core\BookingApp.Core.csproj", "{805D33FF-2C15-43BF-B50E-FECB5309D59A}"
EndProject
Project("{FAE04EC0-301F-11D3-BF4B-00C04F79EFBC}") = "BookingApp.Data", "BookingApp.Data\BookingApp.Data.csproj", "{0BD57C4D-BD4B-462A-B55F-649926A8BAFA}"
EndProject
Global
	GlobalSection(SolutionConfigurationPlatforms) = preSolution
		Debug|Any CPU = Debug|Any CPU
		Release|Any CPU = Release|Any CPU
	EndGlobalSection
	GlobalSection(ProjectConfigurationPlatforms) = postSolution
		{08C21443-A185-4CC9-89D1-253911737F9D}.Debug|Any CPU.ActiveCfg = Debug|Any CPU
		{08C21443-A185-4CC9-89D1-253911737F9D}.Debug|Any CPU.Build.0 = Debug|Any CPU
		{08C21443-A185-4CC9-89D1-253911737F9D}.Release|Any CPU.ActiveCfg = Release|Any CPU
		{08C21443-A185-4CC9-89D1-253911737F9D}.Release|Any CPU.Build.0 = Release|Any CPU
		{805D33FF-2C15-43BF-B50E-FECB5309D59A}.Debug|Any CPU.ActiveCfg = Debug|Any CPU
		{805D33FF-2C15-43BF-B50E-FECB5309D59A}.Debug|Any CPU.Build.0 = Debug|Any CPU
		{805D33FF-2C15-43BF-B50E-FECB5309D59A}.Release|Any CPU.ActiveCfg = Release|Any CPU
		{805D33FF-2C15-43BF-B50E-FECB5309D59A}.Release|Any CPU.Build.0 = Release|Any CPU
		{0BD57C4D-BD4B-462A-B55F-649926A8BAFA}.Debug|Any CPU.ActiveCfg = Debug|Any CPU
		{0BD57C4D-BD4B-462A-B55F-649926A8BAFA}.Debug|Any CPU.Build.0 = Debug|Any CPU
		{0BD57C4D-BD4B-462A-B55F-649926A8BAFA}.Release|Any CPU.ActiveCfg = Release|Any CPU
		{0BD57C4D-BD4B-462A-B55F-649926A8BAFA}.Release|Any CPU.Build.0 = Release|Any CPU
	EndGlobalSection
	GlobalSection(SolutionProperties) = preSolution
		HideSolutionNode = FALSE
	EndGlobalSection
	GlobalSection(ExtensibilityGlobals) = postSolution
		SolutionGuid = {A9679453-6AD0-47EE-A241-C95F6F1193F0}
	EndGlobalSection
EndGlobal
